// !$*UTF8*$!
{
	archiveVersion = 1;
	classes = {
	};
	objectVersion = 46;
	objects = {

/* Begin PBXBuildFile section */
		92BBE7A919E327F8003BD909 /* AppDelegate.swift in Sources */ = {isa = PBXBuildFile; fileRef = 92BBE7A819E327F8003BD909 /* AppDelegate.swift */; };
		92BBE7AB19E327F8003BD909 /* GameScene.sks in Resources */ = {isa = PBXBuildFile; fileRef = 92BBE7AA19E327F8003BD909 /* GameScene.sks */; };
		92BBE7AD19E327F8003BD909 /* GameScene.swift in Sources */ = {isa = PBXBuildFile; fileRef = 92BBE7AC19E327F8003BD909 /* GameScene.swift */; };
		92BBE7AF19E327F8003BD909 /* GameViewController.swift in Sources */ = {isa = PBXBuildFile; fileRef = 92BBE7AE19E327F8003BD909 /* GameViewController.swift */; };
		92BBE7B219E327F8003BD909 /* Main.storyboard in Resources */ = {isa = PBXBuildFile; fileRef = 92BBE7B019E327F8003BD909 /* Main.storyboard */; };
		92BBE7B419E327F8003BD909 /* Images.xcassets in Resources */ = {isa = PBXBuildFile; fileRef = 92BBE7B319E327F8003BD909 /* Images.xcassets */; };
		92BBE7B719E327F8003BD909 /* LaunchScreen.xib in Resources */ = {isa = PBXBuildFile; fileRef = 92BBE7B519E327F8003BD909 /* LaunchScreen.xib */; };
		92BBE7C319E327F8003BD909 /* The_GameTests.swift in Sources */ = {isa = PBXBuildFile; fileRef = 92BBE7C219E327F8003BD909 /* The_GameTests.swift */; };
/* End PBXBuildFile section */

/* Begin PBXContainerItemProxy section */
		92BBE7BD19E327F8003BD909 /* PBXContainerItemProxy */ = {
			isa = PBXContainerItemProxy;
			containerPortal = 92BBE79B19E327F8003BD909 /* Project object */;
			proxyType = 1;
			remoteGlobalIDString = 92BBE7A219E327F8003BD909;
			remoteInfo = "The Game";
		};
/* End PBXContainerItemProxy section */

/* Begin PBXFileReference section */
		92BBE7A319E327F8003BD909 /* The Game.app */ = {isa = PBXFileReference; explicitFileType = wrapper.application; includeInIndex = 0; path = "The Game.app"; sourceTree = BUILT_PRODUCTS_DIR; };
		92BBE7A719E327F8003BD909 /* Info.plist */ = {isa = PBXFileReference; lastKnownFileType = text.plist.xml; path = Info.plist; sourceTree = "<group>"; };
		92BBE7A819E327F8003BD909 /* AppDelegate.swift */ = {isa = PBXFileReference; lastKnownFileType = sourcecode.swift; path = AppDelegate.swift; sourceTree = "<group>"; };
		92BBE7AA19E327F8003BD909 /* GameScene.sks */ = {isa = PBXFileReference; lastKnownFileType = file.sks; path = GameScene.sks; sourceTree = "<group>"; };
		92BBE7AC19E327F8003BD909 /* GameScene.swift */ = {isa = PBXFileReference; lastKnownFileType = sourcecode.swift; path = GameScene.swift; sourceTree = "<group>"; };
		92BBE7AE19E327F8003BD909 /* GameViewController.swift */ = {isa = PBXFileReference; lastKnownFileType = sourcecode.swift; path = GameViewController.swift; sourceTree = "<group>"; };
		92BBE7B119E327F8003BD909 /* Base */ = {isa = PBXFileReference; lastKnownFileType = file.storyboard; name = Base; path = Base.lproj/Main.storyboard; sourceTree = "<group>"; };
		92BBE7B319E327F8003BD909 /* Images.xcassets */ = {isa = PBXFileReference; lastKnownFileType = folder.assetcatalog; path = Images.xcassets; sourceTree = "<group>"; };
		92BBE7B619E327F8003BD909 /* Base */ = {isa = PBXFileReference; lastKnownFileType = file.xib; name = Base; path = Base.lproj/LaunchScreen.xib; sourceTree = "<group>"; };
		92BBE7BC19E327F8003BD909 /* The GameTests.xctest */ = {isa = PBXFileReference; explicitFileType = wrapper.cfbundle; includeInIndex = 0; path = "The GameTests.xctest"; sourceTree = BUILT_PRODUCTS_DIR; };
		92BBE7C119E327F8003BD909 /* Info.plist */ = {isa = PBXFileReference; lastKnownFileType = text.plist.xml; path = Info.plist; sourceTree = "<group>"; };
		92BBE7C219E327F8003BD909 /* The_GameTests.swift */ = {isa = PBXFileReference; lastKnownFileType = sourcecode.swift; path = The_GameTests.swift; sourceTree = "<group>"; };
/* End PBXFileReference section */

/* Begin PBXFrameworksBuildPhase section */
		92BBE7A019E327F8003BD909 /* Frameworks */ = {
			isa = PBXFrameworksBuildPhase;
			buildActionMask = 2147483647;
			files = (
			);
			runOnlyForDeploymentPostprocessing = 0;
		};
		92BBE7B919E327F8003BD909 /* Frameworks */ = {
			isa = PBXFrameworksBuildPhase;
			buildActionMask = 2147483647;
			files = (
			);
			runOnlyForDeploymentPostprocessing = 0;
		};
/* End PBXFrameworksBuildPhase section */

/* Begin PBXGroup section */
		92BBE79A19E327F8003BD909 = {
			isa = PBXGroup;
			children = (
				92BBE7A519E327F8003BD909 /* The Game */,
				92BBE7BF19E327F8003BD909 /* The GameTests */,
				92BBE7A419E327F8003BD909 /* Products */,
			);
			sourceTree = "<group>";
		};
		92BBE7A419E327F8003BD909 /* Products */ = {
			isa = PBXGroup;
			children = (
				92BBE7A319E327F8003BD909 /* The Game.app */,
				92BBE7BC19E327F8003BD909 /* The GameTests.xctest */,
			);
			name = Products;
			sourceTree = "<group>";
		};
		92BBE7A519E327F8003BD909 /* The Game */ = {
			isa = PBXGroup;
			children = (
				92BBE7A819E327F8003BD909 /* AppDelegate.swift */,
				92BBE7AA19E327F8003BD909 /* GameScene.sks */,
				92BBE7AC19E327F8003BD909 /* GameScene.swift */,
				92BBE7AE19E327F8003BD909 /* GameViewController.swift */,
				92BBE7B019E327F8003BD909 /* Main.storyboard */,
				92BBE7B319E327F8003BD909 /* Images.xcassets */,
				92BBE7B519E327F8003BD909 /* LaunchScreen.xib */,
				92BBE7A619E327F8003BD909 /* Supporting Files */,
			);
			path = "The Game";
			sourceTree = "<group>";
		};
		92BBE7A619E327F8003BD909 /* Supporting Files */ = {
			isa = PBXGroup;
			children = (
				92BBE7A719E327F8003BD909 /* Info.plist */,
			);
			name = "Supporting Files";
			sourceTree = "<group>";
		};
		92BBE7BF19E327F8003BD909 /* The GameTests */ = {
			isa = PBXGroup;
			children = (
				92BBE7C219E327F8003BD909 /* The_GameTests.swift */,
				92BBE7C019E327F8003BD909 /* Supporting Files */,
			);
			path = "The GameTests";
			sourceTree = "<group>";
		};
		92BBE7C019E327F8003BD909 /* Supporting Files */ = {
			isa = PBXGroup;
			children = (
				92BBE7C119E327F8003BD909 /* Info.plist */,
			);
			name = "Supporting Files";
			sourceTree = "<group>";
		};
/* End PBXGroup section */

/* Begin PBXNativeTarget section */
		92BBE7A219E327F8003BD909 /* The Game */ = {
			isa = PBXNativeTarget;
			buildConfigurationList = 92BBE7C619E327F8003BD909 /* Build configuration list for PBXNativeTarget "The Game" */;
			buildPhases = (
				92BBE79F19E327F8003BD909 /* Sources */,
				92BBE7A019E327F8003BD909 /* Frameworks */,
				92BBE7A119E327F8003BD909 /* Resources */,
			);
			buildRules = (
			);
			dependencies = (
			);
			name = "The Game";
			productName = "The Game";
			productReference = 92BBE7A319E327F8003BD909 /* The Game.app */;
			productType = "com.apple.product-type.application";
		};
		92BBE7BB19E327F8003BD909 /* The GameTests */ = {
			isa = PBXNativeTarget;
			buildConfigurationList = 92BBE7C919E327F8003BD909 /* Build configuration list for PBXNativeTarget "The GameTests" */;
			buildPhases = (
				92BBE7B819E327F8003BD909 /* Sources */,
				92BBE7B919E327F8003BD909 /* Frameworks */,
				92BBE7BA19E327F8003BD909 /* Resources */,
			);
			buildRules = (
			);
			dependencies = (
				92BBE7BE19E327F8003BD909 /* PBXTargetDependency */,
			);
			name = "The GameTests";
			productName = "The GameTests";
			productReference = 92BBE7BC19E327F8003BD909 /* The GameTests.xctest */;
			productType = "com.apple.product-type.bundle.unit-test";
		};
/* End PBXNativeTarget section */

/* Begin PBXProject section */
		92BBE79B19E327F8003BD909 /* Project object */ = {
			isa = PBXProject;
			attributes = {
				LastUpgradeCheck = 0600;
				ORGANIZATIONNAME = "Zach Dingels";
				TargetAttributes = {
					92BBE7A219E327F8003BD909 = {
						CreatedOnToolsVersion = 6.0;
					};
					92BBE7BB19E327F8003BD909 = {
						CreatedOnToolsVersion = 6.0;
						TestTargetID = 92BBE7A219E327F8003BD909;
					};
				};
			};
			buildConfigurationList = 92BBE79E19E327F8003BD909 /* Build configuration list for PBXProject "The Game" */;
			compatibilityVersion = "Xcode 3.2";
			developmentRegion = English;
			hasScannedForEncodings = 0;
			knownRegions = (
				en,
				Base,
			);
			mainGroup = 92BBE79A19E327F8003BD909;
			productRefGroup = 92BBE7A419E327F8003BD909 /* Products */;
			projectDirPath = "";
			projectRoot = "";
			targets = (
				92BBE7A219E327F8003BD909 /* The Game */,
				92BBE7BB19E327F8003BD909 /* The GameTests */,
			);
		};
/* End PBXProject section */

/* Begin PBXResourcesBuildPhase section */
		92BBE7A119E327F8003BD909 /* Resources */ = {
			isa = PBXResourcesBuildPhase;
			buildActionMask = 2147483647;
			files = (
				92BBE7B719E327F8003BD909 /* LaunchScreen.xib in Resources */,
				92BBE7B419E327F8003BD909 /* Images.xcassets in Resources */,
				92BBE7AB19E327F8003BD909 /* GameScene.sks in Resources */,
				92BBE7B219E327F8003BD909 /* Main.storyboard in Resources */,
			);
			runOnlyForDeploymentPostprocessing = 0;
		};
		92BBE7BA19E327F8003BD909 /* Resources */ = {
			isa = PBXResourcesBuildPhase;
			buildActionMask = 2147483647;
			files = (
			);
			runOnlyForDeploymentPostprocessing = 0;
		};
/* End PBXResourcesBuildPhase section */

/* Begin PBXSourcesBuildPhase section */
		92BBE79F19E327F8003BD909 /* Sources */ = {
			isa = PBXSourcesBuildPhase;
			buildActionMask = 2147483647;
			files = (
				92BBE7AD19E327F8003BD909 /* GameScene.swift in Sources */,
				92BBE7AF19E327F8003BD909 /* GameViewController.swift in Sources */,
				92BBE7A919E327F8003BD909 /* AppDelegate.swift in Sources */,
			);
			runOnlyForDeploymentPostprocessing = 0;
		};
		92BBE7B819E327F8003BD909 /* Sources */ = {
			isa = PBXSourcesBuildPhase;
			buildActionMask = 2147483647;
			files = (
				92BBE7C319E327F8003BD909 /* The_GameTests.swift in Sources */,
			);
			runOnlyForDeploymentPostprocessing = 0;
		};
/* End PBXSourcesBuildPhase section */

/* Begin PBXTargetDependency section */
		92BBE7BE19E327F8003BD909 /* PBXTargetDependency */ = {
			isa = PBXTargetDependency;
			target = 92BBE7A219E327F8003BD909 /* The Game */;
			targetProxy = 92BBE7BD19E327F8003BD909 /* PBXContainerItemProxy */;
		};
/* End PBXTargetDependency section */

/* Begin PBXVariantGroup section */
		92BBE7B019E327F8003BD909 /* Main.storyboard */ = {
			isa = PBXVariantGroup;
			children = (
				92BBE7B119E327F8003BD909 /* Base */,
			);
			name = Main.storyboard;
			sourceTree = "<group>";
		};
		92BBE7B519E327F8003BD909 /* LaunchScreen.xib */ = {
			isa = PBXVariantGroup;
			children = (
				92BBE7B619E327F8003BD909 /* Base */,
			);
			name = LaunchScreen.xib;
			sourceTree = "<group>";
		};
/* End PBXVariantGroup section */

/* Begin XCBuildConfiguration section */
		92BBE7C419E327F8003BD909 /* Debug */ = {
			isa = XCBuildConfiguration;
			buildSettings = {
				ALWAYS_SEARCH_USER_PATHS = NO;
				CLANG_CXX_LANGUAGE_STANDARD = "gnu++0x";
				CLANG_CXX_LIBRARY = "libc++";
				CLANG_ENABLE_MODULES = YES;
				CLANG_ENABLE_OBJC_ARC = YES;
				CLANG_WARN_BOOL_CONVERSION = YES;
				CLANG_WARN_CONSTANT_CONVERSION = YES;
				CLANG_WARN_DIRECT_OBJC_ISA_USAGE = YES_ERROR;
				CLANG_WARN_EMPTY_BODY = YES;
				CLANG_WARN_ENUM_CONVERSION = YES;
				CLANG_WARN_INT_CONVERSION = YES;
				CLANG_WARN_OBJC_ROOT_CLASS = YES_ERROR;
				CLANG_WARN_UNREACHABLE_CODE = YES;
				CLANG_WARN__DUPLICATE_METHOD_MATCH = YES;
				"CODE_SIGN_IDENTITY[sdk=iphoneos*]" = "iPhone Developer";
				COPY_PHASE_STRIP = NO;
				ENABLE_STRICT_OBJC_MSGSEND = YES;
				GCC_C_LANGUAGE_STANDARD = gnu99;
				GCC_DYNAMIC_NO_PIC = NO;
				GCC_OPTIMIZATION_LEVEL = 0;
				GCC_PREPROCESSOR_DEFINITIONS = (
					"DEBUG=1",
					"$(inherited)",
				);
				GCC_SYMBOLS_PRIVATE_EXTERN = NO;
				GCC_WARN_64_TO_32_BIT_CONVERSION = YES;
				GCC_WARN_ABOUT_RETURN_TYPE = YES_ERROR;
				GCC_WARN_UNDECLARED_SELECTOR = YES;
				GCC_WARN_UNINITIALIZED_AUTOS = YES_AGGRESSIVE;
				GCC_WARN_UNUSED_FUNCTION = YES;
				GCC_WARN_UNUSED_VARIABLE = YES;
				IPHONEOS_DEPLOYMENT_TARGET = 8.0;
				MTL_ENABLE_DEBUG_INFO = YES;
				ONLY_ACTIVE_ARCH = YES;
				SDKROOT = iphoneos;
				SWIFT_OPTIMIZATION_LEVEL = "-Onone";
				TARGETED_DEVICE_FAMILY = "1,2";
			};
			name = Debug;
		};
		92BBE7C519E327F8003BD909 /* Release */ = {
			isa = XCBuildConfiguration;
			buildSettings = {
				ALWAYS_SEARCH_USER_PATHS = NO;
				CLANG_CXX_LANGUAGE_STANDARD = "gnu++0x";
				CLANG_CXX_LIBRARY = "libc++";
				CLANG_ENABLE_MODULES = YES;
				CLANG_ENABLE_OBJC_ARC = YES;
				CLANG_WARN_BOOL_CONVERSION = YES;
				CLANG_WARN_CONSTANT_CONVERSION = YES;
				CLANG_WARN_DIRECT_OBJC_ISA_USAGE = YES_ERROR;
				CLANG_WARN_EMPTY_BODY = YES;
				CLANG_WARN_ENUM_CONVERSION = YES;
				CLANG_WARN_INT_CONVERSION = YES;
				CLANG_WARN_OBJC_ROOT_CLASS = YES_ERROR;
				CLANG_WARN_UNREACHABLE_CODE = YES;
				CLANG_WARN__DUPLICATE_METHOD_MATCH = YES;
				"CODE_SIGN_IDENTITY[sdk=iphoneos*]" = "iPhone Developer";
				COPY_PHASE_STRIP = YES;
				ENABLE_NS_ASSERTIONS = NO;
				ENABLE_STRICT_OBJC_MSGSEND = YES;
				GCC_C_LANGUAGE_STANDARD = gnu99;
				GCC_WARN_64_TO_32_BIT_CONVERSION = YES;
				GCC_WARN_ABOUT_RETURN_TYPE = YES_ERROR;
				GCC_WARN_UNDECLARED_SELECTOR = YES;
				GCC_WARN_UNINITIALIZED_AUTOS = YES_AGGRESSIVE;
				GCC_WARN_UNUSED_FUNCTION = YES;
				GCC_WARN_UNUSED_VARIABLE = YES;
				IPHONEOS_DEPLOYMENT_TARGET = 8.0;
				MTL_ENABLE_DEBUG_INFO = NO;
				SDKROOT = iphoneos;
				TARGETED_DEVICE_FAMILY = "1,2";
				VALIDATE_PRODUCT = YES;
			};
			name = Release;
		};
		92BBE7C719E327F8003BD909 /* Debug */ = {
			isa = XCBuildConfiguration;
			buildSettings = {
				ASSETCATALOG_COMPILER_APPICON_NAME = AppIcon;
				INFOPLIST_FILE = "The Game/Info.plist";
				LD_RUNPATH_SEARCH_PATHS = "$(inherited) @executable_path/Frameworks";
				PRODUCT_NAME = "$(TARGET_NAME)";
			};
			name = Debug;
		};
		92BBE7C819E327F8003BD909 /* Release */ = {
			isa = XCBuildConfiguration;
			buildSettings = {
				ASSETCATALOG_COMPILER_APPICON_NAME = AppIcon;
				INFOPLIST_FILE = "The Game/Info.plist";
				LD_RUNPATH_SEARCH_PATHS = "$(inherited) @executable_path/Frameworks";
				PRODUCT_NAME = "$(TARGET_NAME)";
			};
			name = Release;
		};
		92BBE7CA19E327F8003BD909 /* Debug */ = {
			isa = XCBuildConfiguration;
			buildSettings = {
				BUNDLE_LOADER = "$(TEST_HOST)";
				FRAMEWORK_SEARCH_PATHS = (
					"$(SDKROOT)/Developer/Library/Frameworks",
					"$(inherited)",
				);
				GCC_PREPROCESSOR_DEFINITIONS = (
					"DEBUG=1",
					"$(inherited)",
				);
				INFOPLIST_FILE = "The GameTests/Info.plist";
				LD_RUNPATH_SEARCH_PATHS = "$(inherited) @executable_path/Frameworks @loader_path/Frameworks";
				PRODUCT_NAME = "$(TARGET_NAME)";
				TEST_HOST = "$(BUILT_PRODUCTS_DIR)/The Game.app/The Game";
			};
			name = Debug;
		};
		92BBE7CB19E327F8003BD909 /* Release */ = {
			isa = XCBuildConfiguration;
			buildSettings = {
				BUNDLE_LOADER = "$(TEST_HOST)";
				FRAMEWORK_SEARCH_PATHS = (
					"$(SDKROOT)/Developer/Library/Frameworks",
					"$(inherited)",
				);
				INFOPLIST_FILE = "The GameTests/Info.plist";
				LD_RUNPATH_SEARCH_PATHS = "$(inherited) @executable_path/Frameworks @loader_path/Frameworks";
				PRODUCT_NAME = "$(TARGET_NAME)";
				TEST_HOST = "$(BUILT_PRODUCTS_DIR)/The Game.app/The Game";
			};
			name = Release;
		};
/* End XCBuildConfiguration section */

/* Begin XCConfigurationList section */
		92BBE79E19E327F8003BD909 /* Build configuration list for PBXProject "The Game" */ = {
			isa = XCConfigurationList;
			buildConfigurations = (
				92BBE7C419E327F8003BD909 /* Debug */,
				92BBE7C519E327F8003BD909 /* Release */,
			);
			defaultConfigurationIsVisible = 0;
			defaultConfigurationName = Release;
		};
		92BBE7C619E327F8003BD909 /* Build configuration list for PBXNativeTarget "The Game" */ = {
			isa = XCConfigurationList;
			buildConfigurations = (
				92BBE7C719E327F8003BD909 /* Debug */,
				92BBE7C819E327F8003BD909 /* Release */,
			);
			defaultConfigurationIsVisible = 0;
		};
		92BBE7C919E327F8003BD909 /* Build configuration list for PBXNativeTarget "The GameTests" */ = {
			isa = XCConfigurationList;
			buildConfigurations = (
				92BBE7CA19E327F8003BD909 /* Debug */,
				92BBE7CB19E327F8003BD909 /* Release */,
			);
			defaultConfigurationIsVisible = 0;
		};
/* End XCConfigurationList section */
	};
	rootObject = 92BBE79B19E327F8003BD909 /* Project object */;
}
